// !$*UTF8*$!
{
	archiveVersion = 1;
	classes = {
	};
	objectVersion = 46;
	objects = {

/* Begin PBXBuildFile section */
		F4239C3214E20B9C008D5417 /* UIKit.framework in Frameworks */ = {isa = PBXBuildFile; fileRef = F4239C3114E20B9C008D5417 /* UIKit.framework */; };
		F4239C3414E20B9C008D5417 /* Foundation.framework in Frameworks */ = {isa = PBXBuildFile; fileRef = F4239C3314E20B9C008D5417 /* Foundation.framework */; };
		F4239C3614E20B9C008D5417 /* CoreGraphics.framework in Frameworks */ = {isa = PBXBuildFile; fileRef = F4239C3514E20B9C008D5417 /* CoreGraphics.framework */; };
		F4239C3C14E20B9C008D5417 /* InfoPlist.strings in Resources */ = {isa = PBXBuildFile; fileRef = F4239C3A14E20B9C008D5417 /* InfoPlist.strings */; };
		F4239C3E14E20B9C008D5417 /* main.m in Sources */ = {isa = PBXBuildFile; fileRef = F4239C3D14E20B9C008D5417 /* main.m */; };
		F4239C4214E20B9C008D5417 /* LGLAppDelegate.m in Sources */ = {isa = PBXBuildFile; fileRef = F4239C4114E20B9C008D5417 /* LGLAppDelegate.m */; };
		F4239C4514E20B9C008D5417 /* LGLViewController.m in Sources */ = {isa = PBXBuildFile; fileRef = F4239C4414E20B9C008D5417 /* LGLViewController.m */; };
		F4239C4814E20B9C008D5417 /* LGLViewController_iPhone.xib in Resources */ = {isa = PBXBuildFile; fileRef = F4239C4614E20B9C008D5417 /* LGLViewController_iPhone.xib */; };
		F4239C4B14E20B9C008D5417 /* LGLViewController_iPad.xib in Resources */ = {isa = PBXBuildFile; fileRef = F4239C4914E20B9C008D5417 /* LGLViewController_iPad.xib */; };
/* End PBXBuildFile section */

/* Begin PBXFileReference section */
		F4239C2D14E20B9C008D5417 /* ViewTest.app */ = {isa = PBXFileReference; explicitFileType = wrapper.application; includeInIndex = 0; path = ViewTest.app; sourceTree = BUILT_PRODUCTS_DIR; };
		F4239C3114E20B9C008D5417 /* UIKit.framework */ = {isa = PBXFileReference; lastKnownFileType = wrapper.framework; name = UIKit.framework; path = System/Library/Frameworks/UIKit.framework; sourceTree = SDKROOT; };
		F4239C3314E20B9C008D5417 /* Foundation.framework */ = {isa = PBXFileReference; lastKnownFileType = wrapper.framework; name = Foundation.framework; path = System/Library/Frameworks/Foundation.framework; sourceTree = SDKROOT; };
		F4239C3514E20B9C008D5417 /* CoreGraphics.framework */ = {isa = PBXFileReference; lastKnownFileType = wrapper.framework; name = CoreGraphics.framework; path = System/Library/Frameworks/CoreGraphics.framework; sourceTree = SDKROOT; };
		F4239C3914E20B9C008D5417 /* ViewTest-Info.plist */ = {isa = PBXFileReference; path = "ViewTest-Info.plist"; sourceTree = "<group>"; };
		F4239C3B14E20B9C008D5417 /* en */ = {isa = PBXFileReference; lastKnownFileType = text.plist.strings; name = en; path = en.lproj/InfoPlist.strings; sourceTree = "<group>"; };
		F4239C3D14E20B9C008D5417 /* main.m */ = {isa = PBXFileReference; lastKnownFileType = sourcecode.c.objc; path = main.m; sourceTree = "<group>"; };
		F4239C3F14E20B9C008D5417 /* ViewTest-Prefix.pch */ = {isa = PBXFileReference; path = "ViewTest-Prefix.pch"; sourceTree = "<group>"; };
		F4239C4014E20B9C008D5417 /* LGLAppDelegate.h */ = {isa = PBXFileReference; path = LGLAppDelegate.h; sourceTree = "<group>"; };
		F4239C4114E20B9C008D5417 /* LGLAppDelegate.m */ = {isa = PBXFileReference; lastKnownFileType = sourcecode.c.objc; path = LGLAppDelegate.m; sourceTree = "<group>"; };
		F4239C4314E20B9C008D5417 /* LGLViewController.h */ = {isa = PBXFileReference; path = LGLViewController.h; sourceTree = "<group>"; };
		F4239C4414E20B9C008D5417 /* LGLViewController.m */ = {isa = PBXFileReference; lastKnownFileType = sourcecode.c.objc; path = LGLViewController.m; sourceTree = "<group>"; };
		F4239C4714E20B9C008D5417 /* en */ = {isa = PBXFileReference; lastKnownFileType = file.xib; name = en; path = en.lproj/LGLViewController_iPhone.xib; sourceTree = "<group>"; };
		F4239C4A14E20B9C008D5417 /* en */ = {isa = PBXFileReference; lastKnownFileType = file.xib; name = en; path = en.lproj/LGLViewController_iPad.xib; sourceTree = "<group>"; };
/* End PBXFileReference section */

/* Begin PBXFrameworksBuildPhase section */
		F4239C2A14E20B9C008D5417 /* Frameworks */ = {
			isa = PBXFrameworksBuildPhase;
			buildActionMask = 2147483647;
			files = (
				F4239C3214E20B9C008D5417 /* UIKit.framework in Frameworks */,
				F4239C3414E20B9C008D5417 /* Foundation.framework in Frameworks */,
				F4239C3614E20B9C008D5417 /* CoreGraphics.framework in Frameworks */,
			);
			runOnlyForDeploymentPostprocessing = 0;
		};
/* End PBXFrameworksBuildPhase section */

/* Begin PBXGroup section */
		F4239C2214E20B9B008D5417 = {
			isa = PBXGroup;
			children = (
				F4239C3714E20B9C008D5417 /* ViewTest */,
				F4239C3014E20B9C008D5417 /* Frameworks */,
				F4239C2E14E20B9C008D5417 /* Products */,
			);
			sourceTree = "<group>";
		};
		F4239C2E14E20B9C008D5417 /* Products */ = {
			isa = PBXGroup;
			children = (
				F4239C2D14E20B9C008D5417 /* ViewTest.app */,
			);
			name = Products;
			sourceTree = "<group>";
		};
		F4239C3014E20B9C008D5417 /* Frameworks */ = {
			isa = PBXGroup;
			children = (
				F4239C3114E20B9C008D5417 /* UIKit.framework */,
				F4239C3314E20B9C008D5417 /* Foundation.framework */,
				F4239C3514E20B9C008D5417 /* CoreGraphics.framework */,
			);
			name = Frameworks;
			sourceTree = "<group>";
		};
		F4239C3714E20B9C008D5417 /* ViewTest */ = {
			isa = PBXGroup;
			children = (
				F4239C4014E20B9C008D5417 /* LGLAppDelegate.h */,
				F4239C4114E20B9C008D5417 /* LGLAppDelegate.m */,
				F4239C4314E20B9C008D5417 /* LGLViewController.h */,
				F4239C4414E20B9C008D5417 /* LGLViewController.m */,
				F4239C4614E20B9C008D5417 /* LGLViewController_iPhone.xib */,
				F4239C4914E20B9C008D5417 /* LGLViewController_iPad.xib */,
				F4239C3814E20B9C008D5417 /* Supporting Files */,
			);
			path = ViewTest;
			sourceTree = "<group>";
		};
		F4239C3814E20B9C008D5417 /* Supporting Files */ = {
			isa = PBXGroup;
			children = (
				F4239C3914E20B9C008D5417 /* ViewTest-Info.plist */,
				F4239C3A14E20B9C008D5417 /* InfoPlist.strings */,
				F4239C3D14E20B9C008D5417 /* main.m */,
				F4239C3F14E20B9C008D5417 /* ViewTest-Prefix.pch */,
			);
			name = "Supporting Files";
			sourceTree = "<group>";
		};
/* End PBXGroup section */

/* Begin PBXNativeTarget section */
		F4239C2C14E20B9C008D5417 /* ViewTest */ = {
			isa = PBXNativeTarget;
			buildConfigurationList = F4239C4E14E20B9C008D5417 /* Build configuration list for PBXNativeTarget "ViewTest" */;
			buildPhases = (
				F4239C2914E20B9C008D5417 /* Sources */,
				F4239C2A14E20B9C008D5417 /* Frameworks */,
				F4239C2B14E20B9C008D5417 /* Resources */,
			);
			buildRules = (
			);
			dependencies = (
			);
			name = ViewTest;
			productName = ViewTest;
			productReference = F4239C2D14E20B9C008D5417 /* ViewTest.app */;
			productType = "com.apple.product-type.application";
		};
/* End PBXNativeTarget section */

/* Begin PBXProject section */
		F4239C2414E20B9B008D5417 /* Project object */ = {
			isa = PBXProject;
			attributes = {
				CLASSPREFIX = LGL;
				LastUpgradeCheck = 0430;
			};
			buildConfigurationList = F4239C2714E20B9B008D5417 /* Build configuration list for PBXProject "ViewTest" */;
			compatibilityVersion = "Xcode 3.2";
			developmentRegion = English;
			hasScannedForEncodings = 0;
			knownRegions = (
				en,
			);
			mainGroup = F4239C2214E20B9B008D5417;
			productRefGroup = F4239C2E14E20B9C008D5417 /* Products */;
			projectDirPath = "";
			projectRoot = "";
			targets = (
				F4239C2C14E20B9C008D5417 /* ViewTest */,
			);
		};
/* End PBXProject section */

/* Begin PBXResourcesBuildPhase section */
		F4239C2B14E20B9C008D5417 /* Resources */ = {
			isa = PBXResourcesBuildPhase;
			buildActionMask = 2147483647;
			files = (
				F4239C3C14E20B9C008D5417 /* InfoPlist.strings in Resources */,
				F4239C4814E20B9C008D5417 /* LGLViewController_iPhone.xib in Resources */,
				F4239C4B14E20B9C008D5417 /* LGLViewController_iPad.xib in Resources */,
			);
			runOnlyForDeploymentPostprocessing = 0;
		};
/* End PBXResourcesBuildPhase section */

/* Begin PBXSourcesBuildPhase section */
		F4239C2914E20B9C008D5417 /* Sources */ = {
			isa = PBXSourcesBuildPhase;
			buildActionMask = 2147483647;
			files = (
				F4239C3E14E20B9C008D5417 /* main.m in Sources */,
				F4239C4214E20B9C008D5417 /* LGLAppDelegate.m in Sources */,
				F4239C4514E20B9C008D5417 /* LGLViewController.m in Sources */,
			);
			runOnlyForDeploymentPostprocessing = 0;
		};
/* End PBXSourcesBuildPhase section */

/* Begin PBXVariantGroup section */
		F4239C3A14E20B9C008D5417 /* InfoPlist.strings */ = {
			isa = PBXVariantGroup;
			children = (
				F4239C3B14E20B9C008D5417 /* en */,
			);
			name = InfoPlist.strings;
			sourceTree = "<group>";
		};
		F4239C4614E20B9C008D5417 /* LGLViewController_iPhone.xib */ = {
			isa = PBXVariantGroup;
			children = (
				F4239C4714E20B9C008D5417 /* en */,
			);
			name = LGLViewController_iPhone.xib;
			sourceTree = "<group>";
		};
		F4239C4914E20B9C008D5417 /* LGLViewController_iPad.xib */ = {
			isa = PBXVariantGroup;
			children = (
				F4239C4A14E20B9C008D5417 /* en */,
			);
			name = LGLViewController_iPad.xib;
			sourceTree = "<group>";
		};
/* End PBXVariantGroup section */

/* Begin XCBuildConfiguration section */
		F4239C4C14E20B9C008D5417 /* Debug */ = {
			isa = XCBuildConfiguration;
			buildSettings = {
				ALWAYS_SEARCH_USER_PATHS = NO;
				ARCHS = "$(ARCHS_STANDARD_32_BIT)";
				CLANG_ENABLE_OBJC_ARC = YES;
				"CODE_SIGN_IDENTITY[sdk=iphoneos*]" = "iPhone Developer";
				COPY_PHASE_STRIP = NO;
				GCC_C_LANGUAGE_STANDARD = gnu99;
				GCC_DYNAMIC_NO_PIC = NO;
				GCC_OPTIMIZATION_LEVEL = 0;
				GCC_PREPROCESSOR_DEFINITIONS = (
					"DEBUG=1",
					"$(inherited)",
				);
				GCC_SYMBOLS_PRIVATE_EXTERN = NO;
				GCC_VERSION = com.apple.compilers.llvm.clang.1_0;
				GCC_WARN_ABOUT_RETURN_TYPE = YES;
				GCC_WARN_UNINITIALIZED_AUTOS = YES;
				GCC_WARN_UNUSED_VARIABLE = YES;
				IPHONEOS_DEPLOYMENT_TARGET = 5.1;
				SDKROOT = iphoneos;
				TARGETED_DEVICE_FAMILY = "1,2";
			};
			name = Debug;
		};
		F4239C4D14E20B9C008D5417 /* Release */ = {
			isa = XCBuildConfiguration;
			buildSettings = {
				ALWAYS_SEARCH_USER_PATHS = NO;
				ARCHS = "$(ARCHS_STANDARD_32_BIT)";
				CLANG_ENABLE_OBJC_ARC = YES;
				"CODE_SIGN_IDENTITY[sdk=iphoneos*]" = "iPhone Developer";
				COPY_PHASE_STRIP = YES;
				GCC_C_LANGUAGE_STANDARD = gnu99;
				GCC_VERSION = com.apple.compilers.llvm.clang.1_0;
				GCC_WARN_ABOUT_RETURN_TYPE = YES;
				GCC_WARN_UNINITIALIZED_AUTOS = YES;
				GCC_WARN_UNUSED_VARIABLE = YES;
				IPHONEOS_DEPLOYMENT_TARGET = 5.1;
				OTHER_CFLAGS = "-DNS_BLOCK_ASSERTIONS=1";
				SDKROOT = iphoneos;
				TARGETED_DEVICE_FAMILY = "1,2";
				VALIDATE_PRODUCT = YES;
			};
			name = Release;
		};
		F4239C4F14E20B9C008D5417 /* Debug */ = {
			isa = XCBuildConfiguration;
			buildSettings = {
				GCC_PRECOMPILE_PREFIX_HEADER = YES;
				GCC_PREFIX_HEADER = "ViewTest/ViewTest-Prefix.pch";
				INFOPLIST_FILE = "ViewTest/ViewTest-Info.plist";
				PRODUCT_NAME = "$(TARGET_NAME)";
				WRAPPER_EXTENSION = app;
			};
			name = Debug;
		};
		F4239C5014E20B9C008D5417 /* Release */ = {
			isa = XCBuildConfiguration;
			buildSettings = {
				GCC_PRECOMPILE_PREFIX_HEADER = YES;
				GCC_PREFIX_HEADER = "ViewTest/ViewTest-Prefix.pch";
				INFOPLIST_FILE = "ViewTest/ViewTest-Info.plist";
				PRODUCT_NAME = "$(TARGET_NAME)";
				WRAPPER_EXTENSION = app;
			};
			name = Release;
		};
/* End XCBuildConfiguration section */

/* Begin XCConfigurationList section */
		F4239C2714E20B9B008D5417 /* Build configuration list for PBXProject "ViewTest" */ = {
			isa = XCConfigurationList;
			buildConfigurations = (
				F4239C4C14E20B9C008D5417 /* Debug */,
				F4239C4D14E20B9C008D5417 /* Release */,
			);
			defaultConfigurationIsVisible = 0;
			defaultConfigurationName = Release;
		};
		F4239C4E14E20B9C008D5417 /* Build configuration list for PBXNativeTarget "ViewTest" */ = {
			isa = XCConfigurationList;
			buildConfigurations = (
				F4239C4F14E20B9C008D5417 /* Debug */,
				F4239C5014E20B9C008D5417 /* Release */,
			);
			defaultConfigurationIsVisible = 0;
		};
/* End XCConfigurationList section */
	};
	rootObject = F4239C2414E20B9B008D5417 /* Project object */;
}
